// !$*UTF8*$!
{
	archiveVersion = 1;
	classes = {
	};
	objectVersion = 77;
	objects = {

/* Begin PBXBuildFile section */
		47473DC72D9C2E6B003D1F01 /* GoogleSignIn in Frameworks */ = {isa = PBXBuildFile; productRef = 47473DC62D9C2E6B003D1F01 /* GoogleSignIn */; };
		47473DC92D9C2E6B003D1F01 /* GoogleSignInSwift in Frameworks */ = {isa = PBXBuildFile; productRef = 47473DC82D9C2E6B003D1F01 /* GoogleSignInSwift */; };
		47473DCB2D9C9E64003D1F01 /* Development.xcconfig in Resources */ = {isa = PBXBuildFile; fileRef = 47473DCA2D9C9E64003D1F01 /* Development.xcconfig */; };
		47473E192DA026AD003D1F01 /* GoogleAPIClientForREST_Calendar in Frameworks */ = {isa = PBXBuildFile; productRef = 47473E182DA026AD003D1F01 /* GoogleAPIClientForREST_Calendar */; };
/* End PBXBuildFile section */

/* Begin PBXContainerItemProxy section */
		471EC1DE2D9ACC9800CB0254 /* PBXContainerItemProxy */ = {
			isa = PBXContainerItemProxy;
			containerPortal = 471EC1C42D9ACC9600CB0254 /* Project object */;
			proxyType = 1;
			remoteGlobalIDString = 471EC1CB2D9ACC9600CB0254;
			remoteInfo = minimemo;
		};
		471EC1E82D9ACC9800CB0254 /* PBXContainerItemProxy */ = {
			isa = PBXContainerItemProxy;
			containerPortal = 471EC1C42D9ACC9600CB0254 /* Project object */;
			proxyType = 1;
			remoteGlobalIDString = 471EC1CB2D9ACC9600CB0254;
			remoteInfo = minimemo;
		};
/* End PBXContainerItemProxy section */

/* Begin PBXFileReference section */
		471EC1CC2D9ACC9600CB0254 /* minimemo.app */ = {isa = PBXFileReference; explicitFileType = wrapper.application; includeInIndex = 0; path = minimemo.app; sourceTree = BUILT_PRODUCTS_DIR; };
		471EC1DD2D9ACC9800CB0254 /* minimemoTests.xctest */ = {isa = PBXFileReference; explicitFileType = wrapper.cfbundle; includeInIndex = 0; path = minimemoTests.xctest; sourceTree = BUILT_PRODUCTS_DIR; };
		471EC1E72D9ACC9800CB0254 /* minimemoUITests.xctest */ = {isa = PBXFileReference; explicitFileType = wrapper.cfbundle; includeInIndex = 0; path = minimemoUITests.xctest; sourceTree = BUILT_PRODUCTS_DIR; };
		47473DCA2D9C9E64003D1F01 /* Development.xcconfig */ = {isa = PBXFileReference; lastKnownFileType = text.xcconfig; path = Development.xcconfig; sourceTree = "<group>"; };
/* End PBXFileReference section */

/* Begin PBXFileSystemSynchronizedBuildFileExceptionSet section */
		471EC1FB2D9ACF5C00CB0254 /* Exceptions for "minimemo" folder in "minimemo" target */ = {
			isa = PBXFileSystemSynchronizedBuildFileExceptionSet;
			membershipExceptions = (
				Info.plist,
			);
			target = 471EC1CB2D9ACC9600CB0254 /* minimemo */;
		};
/* End PBXFileSystemSynchronizedBuildFileExceptionSet section */

/* Begin PBXFileSystemSynchronizedRootGroup section */
		471EC1CE2D9ACC9600CB0254 /* minimemo */ = {
			isa = PBXFileSystemSynchronizedRootGroup;
			exceptions = (
				471EC1FB2D9ACF5C00CB0254 /* Exceptions for "minimemo" folder in "minimemo" target */,
			);
			path = minimemo;
			sourceTree = "<group>";
		};
		471EC1E02D9ACC9800CB0254 /* minimemoTests */ = {
			isa = PBXFileSystemSynchronizedRootGroup;
			path = minimemoTests;
			sourceTree = "<group>";
		};
		471EC1EA2D9ACC9800CB0254 /* minimemoUITests */ = {
			isa = PBXFileSystemSynchronizedRootGroup;
			path = minimemoUITests;
			sourceTree = "<group>";
		};
/* End PBXFileSystemSynchronizedRootGroup section */

/* Begin PBXFrameworksBuildPhase section */
		471EC1C92D9ACC9600CB0254 /* Frameworks */ = {
			isa = PBXFrameworksBuildPhase;
			buildActionMask = 2147483647;
			files = (
				47473DC72D9C2E6B003D1F01 /* GoogleSignIn in Frameworks */,
				47473E192DA026AD003D1F01 /* GoogleAPIClientForREST_Calendar in Frameworks */,
				47473DC92D9C2E6B003D1F01 /* GoogleSignInSwift in Frameworks */,
			);
			runOnlyForDeploymentPostprocessing = 0;
		};
		471EC1DA2D9ACC9800CB0254 /* Frameworks */ = {
			isa = PBXFrameworksBuildPhase;
			buildActionMask = 2147483647;
			files = (
			);
			runOnlyForDeploymentPostprocessing = 0;
		};
		471EC1E42D9ACC9800CB0254 /* Frameworks */ = {
			isa = PBXFrameworksBuildPhase;
			buildActionMask = 2147483647;
			files = (
			);
			runOnlyForDeploymentPostprocessing = 0;
		};
/* End PBXFrameworksBuildPhase section */

/* Begin PBXGroup section */
		471EC1C32D9ACC9600CB0254 = {
			isa = PBXGroup;
			children = (
				47473DCA2D9C9E64003D1F01 /* Development.xcconfig */,
				471EC1CE2D9ACC9600CB0254 /* minimemo */,
				471EC1E02D9ACC9800CB0254 /* minimemoTests */,
				471EC1EA2D9ACC9800CB0254 /* minimemoUITests */,
				471EC1CD2D9ACC9600CB0254 /* Products */,
			);
			sourceTree = "<group>";
		};
		471EC1CD2D9ACC9600CB0254 /* Products */ = {
			isa = PBXGroup;
			children = (
				471EC1CC2D9ACC9600CB0254 /* minimemo.app */,
				471EC1DD2D9ACC9800CB0254 /* minimemoTests.xctest */,
				471EC1E72D9ACC9800CB0254 /* minimemoUITests.xctest */,
			);
			name = Products;
			sourceTree = "<group>";
		};
/* End PBXGroup section */

/* Begin PBXNativeTarget section */
		471EC1CB2D9ACC9600CB0254 /* minimemo */ = {
			isa = PBXNativeTarget;
			buildConfigurationList = 471EC1F12D9ACC9800CB0254 /* Build configuration list for PBXNativeTarget "minimemo" */;
			buildPhases = (
				471EC1C82D9ACC9600CB0254 /* Sources */,
				471EC1C92D9ACC9600CB0254 /* Frameworks */,
				471EC1CA2D9ACC9600CB0254 /* Resources */,
			);
			buildRules = (
			);
			dependencies = (
			);
			fileSystemSynchronizedGroups = (
				471EC1CE2D9ACC9600CB0254 /* minimemo */,
			);
			name = minimemo;
			packageProductDependencies = (
				47473DC62D9C2E6B003D1F01 /* GoogleSignIn */,
				47473DC82D9C2E6B003D1F01 /* GoogleSignInSwift */,
				47473E182DA026AD003D1F01 /* GoogleAPIClientForREST_Calendar */,
			);
			productName = minimemo;
			productReference = 471EC1CC2D9ACC9600CB0254 /* minimemo.app */;
			productType = "com.apple.product-type.application";
		};
		471EC1DC2D9ACC9800CB0254 /* minimemoTests */ = {
			isa = PBXNativeTarget;
			buildConfigurationList = 471EC1F42D9ACC9800CB0254 /* Build configuration list for PBXNativeTarget "minimemoTests" */;
			buildPhases = (
				471EC1D92D9ACC9800CB0254 /* Sources */,
				471EC1DA2D9ACC9800CB0254 /* Frameworks */,
				471EC1DB2D9ACC9800CB0254 /* Resources */,
			);
			buildRules = (
			);
			dependencies = (
				471EC1DF2D9ACC9800CB0254 /* PBXTargetDependency */,
			);
			fileSystemSynchronizedGroups = (
				471EC1E02D9ACC9800CB0254 /* minimemoTests */,
			);
			name = minimemoTests;
			packageProductDependencies = (
			);
			productName = minimemoTests;
			productReference = 471EC1DD2D9ACC9800CB0254 /* minimemoTests.xctest */;
			productType = "com.apple.product-type.bundle.unit-test";
		};
		471EC1E62D9ACC9800CB0254 /* minimemoUITests */ = {
			isa = PBXNativeTarget;
			buildConfigurationList = 471EC1F72D9ACC9800CB0254 /* Build configuration list for PBXNativeTarget "minimemoUITests" */;
			buildPhases = (
				471EC1E32D9ACC9800CB0254 /* Sources */,
				471EC1E42D9ACC9800CB0254 /* Frameworks */,
				471EC1E52D9ACC9800CB0254 /* Resources */,
			);
			buildRules = (
			);
			dependencies = (
				471EC1E92D9ACC9800CB0254 /* PBXTargetDependency */,
			);
			fileSystemSynchronizedGroups = (
				471EC1EA2D9ACC9800CB0254 /* minimemoUITests */,
			);
			name = minimemoUITests;
			packageProductDependencies = (
			);
			productName = minimemoUITests;
			productReference = 471EC1E72D9ACC9800CB0254 /* minimemoUITests.xctest */;
			productType = "com.apple.product-type.bundle.ui-testing";
		};
/* End PBXNativeTarget section */

/* Begin PBXProject section */
		471EC1C42D9ACC9600CB0254 /* Project object */ = {
			isa = PBXProject;
			attributes = {
				BuildIndependentTargetsInParallel = 1;
				LastSwiftUpdateCheck = 1620;
				LastUpgradeCheck = 1620;
				TargetAttributes = {
					471EC1CB2D9ACC9600CB0254 = {
						CreatedOnToolsVersion = 16.2;
					};
					471EC1DC2D9ACC9800CB0254 = {
						CreatedOnToolsVersion = 16.2;
						TestTargetID = 471EC1CB2D9ACC9600CB0254;
					};
					471EC1E62D9ACC9800CB0254 = {
						CreatedOnToolsVersion = 16.2;
						TestTargetID = 471EC1CB2D9ACC9600CB0254;
					};
				};
			};
			buildConfigurationList = 471EC1C72D9ACC9600CB0254 /* Build configuration list for PBXProject "minimemo" */;
			developmentRegion = en;
			hasScannedForEncodings = 0;
			knownRegions = (
				en,
				Base,
			);
			mainGroup = 471EC1C32D9ACC9600CB0254;
			minimizedProjectReferenceProxies = 1;
			packageReferences = (
				47473DC52D9C2E2B003D1F01 /* XCLocalSwiftPackageReference "../GoogleSignIn-iOS" */,
				47473E172DA026AD003D1F01 /* XCLocalSwiftPackageReference "../google-api-objectivec-client-for-rest" */,
			);
			preferredProjectObjectVersion = 77;
			productRefGroup = 471EC1CD2D9ACC9600CB0254 /* Products */;
			projectDirPath = "";
			projectRoot = "";
			targets = (
				471EC1CB2D9ACC9600CB0254 /* minimemo */,
				471EC1DC2D9ACC9800CB0254 /* minimemoTests */,
				471EC1E62D9ACC9800CB0254 /* minimemoUITests */,
			);
		};
/* End PBXProject section */

/* Begin PBXResourcesBuildPhase section */
		471EC1CA2D9ACC9600CB0254 /* Resources */ = {
			isa = PBXResourcesBuildPhase;
			buildActionMask = 2147483647;
			files = (
				47473DCB2D9C9E64003D1F01 /* Development.xcconfig in Resources */,
			);
			runOnlyForDeploymentPostprocessing = 0;
		};
		471EC1DB2D9ACC9800CB0254 /* Resources */ = {
			isa = PBXResourcesBuildPhase;
			buildActionMask = 2147483647;
			files = (
			);
			runOnlyForDeploymentPostprocessing = 0;
		};
		471EC1E52D9ACC9800CB0254 /* Resources */ = {
			isa = PBXResourcesBuildPhase;
			buildActionMask = 2147483647;
			files = (
			);
			runOnlyForDeploymentPostprocessing = 0;
		};
/* End PBXResourcesBuildPhase section */

/* Begin PBXSourcesBuildPhase section */
		471EC1C82D9ACC9600CB0254 /* Sources */ = {
			isa = PBXSourcesBuildPhase;
			buildActionMask = 2147483647;
			files = (
			);
			runOnlyForDeploymentPostprocessing = 0;
		};
		471EC1D92D9ACC9800CB0254 /* Sources */ = {
			isa = PBXSourcesBuildPhase;
			buildActionMask = 2147483647;
			files = (
			);
			runOnlyForDeploymentPostprocessing = 0;
		};
		471EC1E32D9ACC9800CB0254 /* Sources */ = {
			isa = PBXSourcesBuildPhase;
			buildActionMask = 2147483647;
			files = (
			);
			runOnlyForDeploymentPostprocessing = 0;
		};
/* End PBXSourcesBuildPhase section */

/* Begin PBXTargetDependency section */
		471EC1DF2D9ACC9800CB0254 /* PBXTargetDependency */ = {
			isa = PBXTargetDependency;
			target = 471EC1CB2D9ACC9600CB0254 /* minimemo */;
			targetProxy = 471EC1DE2D9ACC9800CB0254 /* PBXContainerItemProxy */;
		};
		471EC1E92D9ACC9800CB0254 /* PBXTargetDependency */ = {
			isa = PBXTargetDependency;
			target = 471EC1CB2D9ACC9600CB0254 /* minimemo */;
			targetProxy = 471EC1E82D9ACC9800CB0254 /* PBXContainerItemProxy */;
		};
/* End PBXTargetDependency section */

/* Begin XCBuildConfiguration section */
		471EC1EF2D9ACC9800CB0254 /* Debug */ = {
			isa = XCBuildConfiguration;
			buildSettings = {
				ALWAYS_SEARCH_USER_PATHS = NO;
				ASSETCATALOG_COMPILER_GENERATE_SWIFT_ASSET_SYMBOL_EXTENSIONS = YES;
				CLANG_ANALYZER_NONNULL = YES;
				CLANG_ANALYZER_NUMBER_OBJECT_CONVERSION = YES_AGGRESSIVE;
				CLANG_CXX_LANGUAGE_STANDARD = "gnu++20";
				CLANG_ENABLE_MODULES = YES;
				CLANG_ENABLE_OBJC_ARC = YES;
				CLANG_ENABLE_OBJC_WEAK = YES;
				CLANG_WARN_BLOCK_CAPTURE_AUTORELEASING = YES;
				CLANG_WARN_BOOL_CONVERSION = YES;
				CLANG_WARN_COMMA = YES;
				CLANG_WARN_CONSTANT_CONVERSION = YES;
				CLANG_WARN_DEPRECATED_OBJC_IMPLEMENTATIONS = YES;
				CLANG_WARN_DIRECT_OBJC_ISA_USAGE = YES_ERROR;
				CLANG_WARN_DOCUMENTATION_COMMENTS = YES;
				CLANG_WARN_EMPTY_BODY = YES;
				CLANG_WARN_ENUM_CONVERSION = YES;
				CLANG_WARN_INFINITE_RECURSION = YES;
				CLANG_WARN_INT_CONVERSION = YES;
				CLANG_WARN_NON_LITERAL_NULL_CONVERSION = YES;
				CLANG_WARN_OBJC_IMPLICIT_RETAIN_SELF = YES;
				CLANG_WARN_OBJC_LITERAL_CONVERSION = YES;
				CLANG_WARN_OBJC_ROOT_CLASS = YES_ERROR;
				CLANG_WARN_QUOTED_INCLUDE_IN_FRAMEWORK_HEADER = YES;
				CLANG_WARN_RANGE_LOOP_ANALYSIS = YES;
				CLANG_WARN_STRICT_PROTOTYPES = YES;
				CLANG_WARN_SUSPICIOUS_MOVE = YES;
				CLANG_WARN_UNGUARDED_AVAILABILITY = YES_AGGRESSIVE;
				CLANG_WARN_UNREACHABLE_CODE = YES;
				CLANG_WARN__DUPLICATE_METHOD_MATCH = YES;
				COPY_PHASE_STRIP = NO;
				DEBUG_INFORMATION_FORMAT = dwarf;
				ENABLE_STRICT_OBJC_MSGSEND = YES;
				ENABLE_TESTABILITY = YES;
				ENABLE_USER_SCRIPT_SANDBOXING = YES;
				GCC_C_LANGUAGE_STANDARD = gnu17;
				GCC_DYNAMIC_NO_PIC = NO;
				GCC_NO_COMMON_BLOCKS = YES;
				GCC_OPTIMIZATION_LEVEL = 0;
				GCC_PREPROCESSOR_DEFINITIONS = (
					"DEBUG=1",
					"$(inherited)",
				);
				GCC_WARN_64_TO_32_BIT_CONVERSION = YES;
				GCC_WARN_ABOUT_RETURN_TYPE = YES_ERROR;
				GCC_WARN_UNDECLARED_SELECTOR = YES;
				GCC_WARN_UNINITIALIZED_AUTOS = YES_AGGRESSIVE;
				GCC_WARN_UNUSED_FUNCTION = YES;
				GCC_WARN_UNUSED_VARIABLE = YES;
				LOCALIZATION_PREFERS_STRING_CATALOGS = YES;
				MACOSX_DEPLOYMENT_TARGET = 15.1;
				MTL_ENABLE_DEBUG_INFO = INCLUDE_SOURCE;
				MTL_FAST_MATH = YES;
				ONLY_ACTIVE_ARCH = YES;
				SDKROOT = macosx;
				SWIFT_ACTIVE_COMPILATION_CONDITIONS = "DEBUG $(inherited)";
				SWIFT_OPTIMIZATION_LEVEL = "-Onone";
			};
			name = Debug;
		};
		471EC1F02D9ACC9800CB0254 /* Release */ = {
			isa = XCBuildConfiguration;
			buildSettings = {
				ALWAYS_SEARCH_USER_PATHS = NO;
				ASSETCATALOG_COMPILER_GENERATE_SWIFT_ASSET_SYMBOL_EXTENSIONS = YES;
				CLANG_ANALYZER_NONNULL = YES;
				CLANG_ANALYZER_NUMBER_OBJECT_CONVERSION = YES_AGGRESSIVE;
				CLANG_CXX_LANGUAGE_STANDARD = "gnu++20";
				CLANG_ENABLE_MODULES = YES;
				CLANG_ENABLE_OBJC_ARC = YES;
				CLANG_ENABLE_OBJC_WEAK = YES;
				CLANG_WARN_BLOCK_CAPTURE_AUTORELEASING = YES;
				CLANG_WARN_BOOL_CONVERSION = YES;
				CLANG_WARN_COMMA = YES;
				CLANG_WARN_CONSTANT_CONVERSION = YES;
				CLANG_WARN_DEPRECATED_OBJC_IMPLEMENTATIONS = YES;
				CLANG_WARN_DIRECT_OBJC_ISA_USAGE = YES_ERROR;
				CLANG_WARN_DOCUMENTATION_COMMENTS = YES;
				CLANG_WARN_EMPTY_BODY = YES;
				CLANG_WARN_ENUM_CONVERSION = YES;
				CLANG_WARN_INFINITE_RECURSION = YES;
				CLANG_WARN_INT_CONVERSION = YES;
				CLANG_WARN_NON_LITERAL_NULL_CONVERSION = YES;
				CLANG_WARN_OBJC_IMPLICIT_RETAIN_SELF = YES;
				CLANG_WARN_OBJC_LITERAL_CONVERSION = YES;
				CLANG_WARN_OBJC_ROOT_CLASS = YES_ERROR;
				CLANG_WARN_QUOTED_INCLUDE_IN_FRAMEWORK_HEADER = YES;
				CLANG_WARN_RANGE_LOOP_ANALYSIS = YES;
				CLANG_WARN_STRICT_PROTOTYPES = YES;
				CLANG_WARN_SUSPICIOUS_MOVE = YES;
				CLANG_WARN_UNGUARDED_AVAILABILITY = YES_AGGRESSIVE;
				CLANG_WARN_UNREACHABLE_CODE = YES;
				CLANG_WARN__DUPLICATE_METHOD_MATCH = YES;
				COPY_PHASE_STRIP = NO;
				DEBUG_INFORMATION_FORMAT = "dwarf-with-dsym";
				ENABLE_NS_ASSERTIONS = NO;
				ENABLE_STRICT_OBJC_MSGSEND = YES;
				ENABLE_USER_SCRIPT_SANDBOXING = YES;
				GCC_C_LANGUAGE_STANDARD = gnu17;
				GCC_NO_COMMON_BLOCKS = YES;
				GCC_WARN_64_TO_32_BIT_CONVERSION = YES;
				GCC_WARN_ABOUT_RETURN_TYPE = YES_ERROR;
				GCC_WARN_UNDECLARED_SELECTOR = YES;
				GCC_WARN_UNINITIALIZED_AUTOS = YES_AGGRESSIVE;
				GCC_WARN_UNUSED_FUNCTION = YES;
				GCC_WARN_UNUSED_VARIABLE = YES;
				LOCALIZATION_PREFERS_STRING_CATALOGS = YES;
				MACOSX_DEPLOYMENT_TARGET = 15.1;
				MTL_ENABLE_DEBUG_INFO = NO;
				MTL_FAST_MATH = YES;
				SDKROOT = macosx;
				SWIFT_COMPILATION_MODE = wholemodule;
			};
			name = Release;
		};
		471EC1F22D9ACC9800CB0254 /* Debug */ = {
			isa = XCBuildConfiguration;
			buildSettings = {
				ASSETCATALOG_COMPILER_APPICON_NAME = AppIcon;
				ASSETCATALOG_COMPILER_GLOBAL_ACCENT_COLOR_NAME = AccentColor;
				CODE_SIGN_ENTITLEMENTS = minimemo/minimemo.entitlements;
				CODE_SIGN_STYLE = Automatic;
				COMBINE_HIDPI_IMAGES = YES;
				CURRENT_PROJECT_VERSION = 1;
				DEVELOPMENT_ASSET_PATHS = "\"minimemo/Preview Content\"";
				ENABLE_PREVIEWS = YES;
				GENERATE_INFOPLIST_FILE = YES;
				INFOPLIST_FILE = minimemo/Info.plist;
				INFOPLIST_KEY_NSHumanReadableCopyright = "";
				LD_RUNPATH_SEARCH_PATHS = (
					"$(inherited)",
					"@executable_path/../Frameworks",
				);
				MARKETING_VERSION = 1.0;
				PRODUCT_BUNDLE_IDENTIFIER = nozomu.minimemo;
				PRODUCT_NAME = "$(TARGET_NAME)";
				SWIFT_EMIT_LOC_STRINGS = YES;
				SWIFT_VERSION = 5.0;
			};
			name = Debug;
		};
		471EC1F32D9ACC9800CB0254 /* Release */ = {
			isa = XCBuildConfiguration;
			buildSettings = {
				ASSETCATALOG_COMPILER_APPICON_NAME = AppIcon;
				ASSETCATALOG_COMPILER_GLOBAL_ACCENT_COLOR_NAME = AccentColor;
				CODE_SIGN_ENTITLEMENTS = minimemo/minimemo.entitlements;
				CODE_SIGN_STYLE = Automatic;
				COMBINE_HIDPI_IMAGES = YES;
				CURRENT_PROJECT_VERSION = 1;
				DEVELOPMENT_ASSET_PATHS = "\"minimemo/Preview Content\"";
				ENABLE_PREVIEWS = YES;
				GENERATE_INFOPLIST_FILE = YES;
				INFOPLIST_FILE = minimemo/Info.plist;
				INFOPLIST_KEY_NSHumanReadableCopyright = "";
				LD_RUNPATH_SEARCH_PATHS = (
					"$(inherited)",
					"@executable_path/../Frameworks",
				);
				MARKETING_VERSION = 1.0;
				PRODUCT_BUNDLE_IDENTIFIER = nozomu.minimemo;
				PRODUCT_NAME = "$(TARGET_NAME)";
				SWIFT_EMIT_LOC_STRINGS = YES;
				SWIFT_VERSION = 5.0;
			};
			name = Release;
		};
		471EC1F52D9ACC9800CB0254 /* Debug */ = {
			isa = XCBuildConfiguration;
			buildSettings = {
				BUNDLE_LOADER = "$(TEST_HOST)";
				CODE_SIGN_STYLE = Automatic;
				CURRENT_PROJECT_VERSION = 1;
				GENERATE_INFOPLIST_FILE = YES;
				MACOSX_DEPLOYMENT_TARGET = 15.1;
				MARKETING_VERSION = 1.0;
				PRODUCT_BUNDLE_IDENTIFIER = nozomu.minimemoTests;
				PRODUCT_NAME = "$(TARGET_NAME)";
				SWIFT_EMIT_LOC_STRINGS = NO;
				SWIFT_VERSION = 5.0;
				TEST_HOST = "$(BUILT_PRODUCTS_DIR)/minimemo.app/$(BUNDLE_EXECUTABLE_FOLDER_PATH)/minimemo";
			};
			name = Debug;
		};
		471EC1F62D9ACC9800CB0254 /* Release */ = {
			isa = XCBuildConfiguration;
			buildSettings = {
				BUNDLE_LOADER = "$(TEST_HOST)";
				CODE_SIGN_STYLE = Automatic;
				CURRENT_PROJECT_VERSION = 1;
				GENERATE_INFOPLIST_FILE = YES;
				MACOSX_DEPLOYMENT_TARGET = 15.1;
				MARKETING_VERSION = 1.0;
				PRODUCT_BUNDLE_IDENTIFIER = nozomu.minimemoTests;
				PRODUCT_NAME = "$(TARGET_NAME)";
				SWIFT_EMIT_LOC_STRINGS = NO;
				SWIFT_VERSION = 5.0;
				TEST_HOST = "$(BUILT_PRODUCTS_DIR)/minimemo.app/$(BUNDLE_EXECUTABLE_FOLDER_PATH)/minimemo";
			};
			name = Release;
		};
		471EC1F82D9ACC9800CB0254 /* Debug */ = {
			isa = XCBuildConfiguration;
			buildSettings = {
				CODE_SIGN_STYLE = Automatic;
				CURRENT_PROJECT_VERSION = 1;
				GENERATE_INFOPLIST_FILE = YES;
				MARKETING_VERSION = 1.0;
				PRODUCT_BUNDLE_IDENTIFIER = nozomu.minimemoUITests;
				PRODUCT_NAME = "$(TARGET_NAME)";
				SWIFT_EMIT_LOC_STRINGS = NO;
				SWIFT_VERSION = 5.0;
				TEST_TARGET_NAME = minimemo;
			};
			name = Debug;
		};
		471EC1F92D9ACC9800CB0254 /* Release */ = {
			isa = XCBuildConfiguration;
			buildSettings = {
				CODE_SIGN_STYLE = Automatic;
				CURRENT_PROJECT_VERSION = 1;
				GENERATE_INFOPLIST_FILE = YES;
				MARKETING_VERSION = 1.0;
				PRODUCT_BUNDLE_IDENTIFIER = nozomu.minimemoUITests;
				PRODUCT_NAME = "$(TARGET_NAME)";
				SWIFT_EMIT_LOC_STRINGS = NO;
				SWIFT_VERSION = 5.0;
				TEST_TARGET_NAME = minimemo;
			};
			name = Release;
		};
/* End XCBuildConfiguration section */

/* Begin XCConfigurationList section */
		471EC1C72D9ACC9600CB0254 /* Build configuration list for PBXProject "minimemo" */ = {
			isa = XCConfigurationList;
			buildConfigurations = (
				471EC1EF2D9ACC9800CB0254 /* Debug */,
				471EC1F02D9ACC9800CB0254 /* Release */,
			);
			defaultConfigurationIsVisible = 0;
			defaultConfigurationName = Release;
		};
		471EC1F12D9ACC9800CB0254 /* Build configuration list for PBXNativeTarget "minimemo" */ = {
			isa = XCConfigurationList;
			buildConfigurations = (
				471EC1F22D9ACC9800CB0254 /* Debug */,
				471EC1F32D9ACC9800CB0254 /* Release */,
			);
			defaultConfigurationIsVisible = 0;
			defaultConfigurationName = Release;
		};
		471EC1F42D9ACC9800CB0254 /* Build configuration list for PBXNativeTarget "minimemoTests" */ = {
			isa = XCConfigurationList;
			buildConfigurations = (
				471EC1F52D9ACC9800CB0254 /* Debug */,
				471EC1F62D9ACC9800CB0254 /* Release */,
			);
			defaultConfigurationIsVisible = 0;
			defaultConfigurationName = Release;
		};
		471EC1F72D9ACC9800CB0254 /* Build configuration list for PBXNativeTarget "minimemoUITests" */ = {
			isa = XCConfigurationList;
			buildConfigurations = (
				471EC1F82D9ACC9800CB0254 /* Debug */,
				471EC1F92D9ACC9800CB0254 /* Release */,
			);
			defaultConfigurationIsVisible = 0;
			defaultConfigurationName = Release;
		};
/* End XCConfigurationList section */

/* Begin XCLocalSwiftPackageReference section */
		47473DC52D9C2E2B003D1F01 /* XCLocalSwiftPackageReference "../GoogleSignIn-iOS" */ = {
			isa = XCLocalSwiftPackageReference;
			relativePath = "../GoogleSignIn-iOS";
		};
		47473E172DA026AD003D1F01 /* XCLocalSwiftPackageReference "../google-api-objectivec-client-for-rest" */ = {
			isa = XCLocalSwiftPackageReference;
			relativePath = "../google-api-objectivec-client-for-rest";
		};
/* End XCLocalSwiftPackageReference section */

/* Begin XCSwiftPackageProductDependency section */
		47473DC62D9C2E6B003D1F01 /* GoogleSignIn */ = {
			isa = XCSwiftPackageProductDependency;
			productName = GoogleSignIn;
		};
		47473DC82D9C2E6B003D1F01 /* GoogleSignInSwift */ = {
			isa = XCSwiftPackageProductDependency;
			productName = GoogleSignInSwift;
		};
		47473E182DA026AD003D1F01 /* GoogleAPIClientForREST_Calendar */ = {
			isa = XCSwiftPackageProductDependency;
			productName = GoogleAPIClientForREST_Calendar;
		};
/* End XCSwiftPackageProductDependency section */
	};
	rootObject = 471EC1C42D9ACC9600CB0254 /* Project object */;
}
